// !$*UTF8*$!
{
	archiveVersion = 1;
	classes = {
	};
	objectVersion = 46;
	objects = {

/* Begin PBXAggregateTarget section */
		982D6AAD83254C438CC66B78 /* ALL_BUILD */ = {
			isa = PBXAggregateTarget;
			buildConfigurationList = 26A1AF31816844C49CC5AD6B /* Build configuration list for PBXAggregateTarget "ALL_BUILD" */;
			buildPhases = (
				65D1F1F239EF4F77AAAD8D0D /* CMake Rules */,
			);
			dependencies = (
				45ED882DAAAC4DCC8ED4B955 /* PBXTargetDependency */,
				BFAD407E780E4476AB975286 /* PBXTargetDependency */,
			);
			name = ALL_BUILD;
			productName = ALL_BUILD;
		};
		ADB17A54B37A4B209B3383D4 /* ZERO_CHECK */ = {
			isa = PBXAggregateTarget;
			buildConfigurationList = 99F7E29C44F4433FBB906D55 /* Build configuration list for PBXAggregateTarget "ZERO_CHECK" */;
			buildPhases = (
				AD041CDA75414BF9B5CE500D /* CMake Rules */,
			);
			dependencies = (
			);
			name = ZERO_CHECK;
			productName = ZERO_CHECK;
		};
/* End PBXAggregateTarget section */

/* Begin PBXBuildFile section */
		D1224EF1A7BB42D2B30A00DC /* MPC.cpp in Sources */ = {isa = PBXBuildFile; fileRef = 134B87A42B96418CB1A64645 /* MPC.cpp */; };
		F0B120ED521640418C22CC1C /* main.cpp in Sources */ = {isa = PBXBuildFile; fileRef = 72F9619AFA44482E9609B98C /* main.cpp */; };
/* End PBXBuildFile section */

/* Begin PBXContainerItemProxy section */
		15FA427C26CC46A1A6B785ED /* PBXContainerItemProxy */ = {
			isa = PBXContainerItemProxy;
			containerPortal = F8D2A59D24D84CB0B801C470 /* Project object */;
			proxyType = 1;
			remoteGlobalIDString = ADB17A54B37A4B209B3383D4;
			remoteInfo = ZERO_CHECK;
		};
		DC9DBAD7CFDF4D26BD4DCA93 /* PBXContainerItemProxy */ = {
			isa = PBXContainerItemProxy;
			containerPortal = F8D2A59D24D84CB0B801C470 /* Project object */;
			proxyType = 1;
			remoteGlobalIDString = ADB17A54B37A4B209B3383D4;
			remoteInfo = ZERO_CHECK;
		};
		FE7E6FA7BA404A47876ABD81 /* PBXContainerItemProxy */ = {
			isa = PBXContainerItemProxy;
			containerPortal = F8D2A59D24D84CB0B801C470 /* Project object */;
			proxyType = 1;
			remoteGlobalIDString = 1580B0EBEEBA40A9B55AFD2F;
			remoteInfo = mpc;
		};
/* End PBXContainerItemProxy section */

/* Begin PBXFileReference section */
		0E8F65156DC9454388EEBCA6 /* CMakeLists.txt */ = {isa = PBXFileReference; explicitFileType = sourcecode.text; fileEncoding = 4; lastKnownFileType = text; path = CMakeLists.txt; sourceTree = SOURCE_ROOT; };
		134B87A42B96418CB1A64645 /* MPC.cpp */ = {isa = PBXFileReference; explicitFileType = sourcecode.cpp.cpp; fileEncoding = 4; name = MPC.cpp; path = src/MPC.cpp; sourceTree = SOURCE_ROOT; };
		143C5218ABD041409385F1B6 /* CMakeLists.txt */ = {isa = PBXFileReference; explicitFileType = sourcecode.text; fileEncoding = 4; lastKnownFileType = text; path = CMakeLists.txt; sourceTree = SOURCE_ROOT; };
		3B58230A1F89F1D6001AF73B /* MPC.h */ = {isa = PBXFileReference; lastKnownFileType = sourcecode.c.h; name = MPC.h; path = src/MPC.h; sourceTree = "<group>"; };
		5DF7E8E151EC4A17B621A20B /* CMakeLists.txt */ = {isa = PBXFileReference; explicitFileType = sourcecode.text; fileEncoding = 4; lastKnownFileType = text; path = CMakeLists.txt; sourceTree = SOURCE_ROOT; };
		72F9619AFA44482E9609B98C /* main.cpp */ = {isa = PBXFileReference; explicitFileType = sourcecode.cpp.cpp; fileEncoding = 4; name = main.cpp; path = src/main.cpp; sourceTree = SOURCE_ROOT; };
		9F8CAD28D70C490582BB5F3A /* mpc */ = {isa = PBXFileReference; explicitFileType = "compiled.mach-o.executable"; path = mpc; sourceTree = BUILT_PRODUCTS_DIR; };
/* End PBXFileReference section */

/* Begin PBXGroup section */
		2A185C8DE52143A4A8CE74DC /* Source Files */ = {
			isa = PBXGroup;
			children = (
				3B58230A1F89F1D6001AF73B /* MPC.h */,
				134B87A42B96418CB1A64645 /* MPC.cpp */,
				72F9619AFA44482E9609B98C /* main.cpp */,
			);
			name = "Source Files";
			sourceTree = "<group>";
		};
		37EE5BBDBFBC4FC4A30C92D8 /* CMake Rules */ = {
			isa = PBXGroup;
			children = (
			);
			name = "CMake Rules";
			sourceTree = "<group>";
		};
		3801A9A51EFB4069BAB7F262 /* CMake Rules */ = {
			isa = PBXGroup;
			children = (
			);
			name = "CMake Rules";
			sourceTree = "<group>";
		};
		5923EB1ADD8946E3A4B0BC5B /* ALL_BUILD */ = {
			isa = PBXGroup;
			children = (
				37EE5BBDBFBC4FC4A30C92D8 /* CMake Rules */,
				0E8F65156DC9454388EEBCA6 /* CMakeLists.txt */,
			);
			name = ALL_BUILD;
			sourceTree = "<group>";
		};
		89DC9393336F44EBB477441C /* ZERO_CHECK */ = {
			isa = PBXGroup;
			children = (
				3801A9A51EFB4069BAB7F262 /* CMake Rules */,
				143C5218ABD041409385F1B6 /* CMakeLists.txt */,
			);
			name = ZERO_CHECK;
			sourceTree = "<group>";
		};
		91CCA121AEFA42D7AB340FB1 = {
			isa = PBXGroup;
			children = (
				DDB41317BC914604A8A6E028 /* mpc */,
				5923EB1ADD8946E3A4B0BC5B /* ALL_BUILD */,
				89DC9393336F44EBB477441C /* ZERO_CHECK */,
				E6BAA40D7FD74BE09073965F /* Products */,
			);
			sourceTree = "<group>";
		};
		DDB41317BC914604A8A6E028 /* mpc */ = {
			isa = PBXGroup;
			children = (
				2A185C8DE52143A4A8CE74DC /* Source Files */,
				5DF7E8E151EC4A17B621A20B /* CMakeLists.txt */,
			);
			name = mpc;
			sourceTree = "<group>";
		};
		E6BAA40D7FD74BE09073965F /* Products */ = {
			isa = PBXGroup;
			children = (
				9F8CAD28D70C490582BB5F3A /* mpc */,
			);
			name = Products;
			sourceTree = "<group>";
		};
/* End PBXGroup section */

/* Begin PBXNativeTarget section */
		1580B0EBEEBA40A9B55AFD2F /* mpc */ = {
			isa = PBXNativeTarget;
			buildConfigurationList = 756D9A84BF8C448BB1F4A555 /* Build configuration list for PBXNativeTarget "mpc" */;
			buildPhases = (
				CEBB616E02CA496CA829AAC0 /* Sources */,
			);
			buildRules = (
			);
			dependencies = (
				5CB4AA7293114CE5877526C9 /* PBXTargetDependency */,
			);
			name = mpc;
			productName = mpc;
			productReference = 9F8CAD28D70C490582BB5F3A /* mpc */;
			productType = "com.apple.product-type.tool";
		};
/* End PBXNativeTarget section */

/* Begin PBXProject section */
		F8D2A59D24D84CB0B801C470 /* Project object */ = {
			isa = PBXProject;
			attributes = {
				BuildIndependentTargetsInParallel = YES;
				LastUpgradeCheck = 0900;
			};
			buildConfigurationList = 96D2E26B9C1D4D65B3097C72 /* Build configuration list for PBXProject "MPC" */;
			compatibilityVersion = "Xcode 3.2";
			developmentRegion = en;
			hasScannedForEncodings = 0;
			knownRegions = (
				en,
			);
			mainGroup = 91CCA121AEFA42D7AB340FB1;
			projectDirPath = ../;
			projectRoot = "";
			targets = (
				982D6AAD83254C438CC66B78 /* ALL_BUILD */,
				ADB17A54B37A4B209B3383D4 /* ZERO_CHECK */,
				1580B0EBEEBA40A9B55AFD2F /* mpc */,
			);
		};
/* End PBXProject section */

/* Begin PBXShellScriptBuildPhase section */
		65D1F1F239EF4F77AAAD8D0D /* CMake Rules */ = {
			isa = PBXShellScriptBuildPhase;
			buildActionMask = 2147483647;
			files = (
			);
			name = "CMake Rules";
			outputPaths = (
				"/Users/andydun2004/Documents/Files/OnlineClasses/SelfDrivingEngr/Control/CarND-MPC-Project/xcode/CMakeFiles/ALL_BUILD",
			);
			runOnlyForDeploymentPostprocessing = 0;
			shellPath = /bin/sh;
			shellScript = "make -C /Users/andydun2004/Documents/Files/OnlineClasses/SelfDrivingEngr/Control/CarND-MPC-Project/xcode -f /Users/andydun2004/Documents/Files/OnlineClasses/SelfDrivingEngr/Control/CarND-MPC-Project/xcode/CMakeScripts/ALL_BUILD_cmakeRulesBuildPhase.make$CONFIGURATION all";
			showEnvVarsInLog = 0;
		};
		AD041CDA75414BF9B5CE500D /* CMake Rules */ = {
			isa = PBXShellScriptBuildPhase;
			buildActionMask = 2147483647;
			files = (
			);
			name = "CMake Rules";
			outputPaths = (
				"/Users/andydun2004/Documents/Files/OnlineClasses/SelfDrivingEngr/Control/CarND-MPC-Project/xcode/CMakeFiles/ZERO_CHECK",
			);
			runOnlyForDeploymentPostprocessing = 0;
			shellPath = /bin/sh;
			shellScript = "make -C /Users/andydun2004/Documents/Files/OnlineClasses/SelfDrivingEngr/Control/CarND-MPC-Project/xcode -f /Users/andydun2004/Documents/Files/OnlineClasses/SelfDrivingEngr/Control/CarND-MPC-Project/xcode/CMakeScripts/ZERO_CHECK_cmakeRulesBuildPhase.make$CONFIGURATION all";
			showEnvVarsInLog = 0;
		};
/* End PBXShellScriptBuildPhase section */

/* Begin PBXSourcesBuildPhase section */
		CEBB616E02CA496CA829AAC0 /* Sources */ = {
			isa = PBXSourcesBuildPhase;
			buildActionMask = 2147483647;
			files = (
				D1224EF1A7BB42D2B30A00DC /* MPC.cpp in Sources */,
				F0B120ED521640418C22CC1C /* main.cpp in Sources */,
			);
			runOnlyForDeploymentPostprocessing = 0;
		};
/* End PBXSourcesBuildPhase section */

/* Begin PBXTargetDependency section */
		45ED882DAAAC4DCC8ED4B955 /* PBXTargetDependency */ = {
			isa = PBXTargetDependency;
			target = 1580B0EBEEBA40A9B55AFD2F /* mpc */;
			targetProxy = FE7E6FA7BA404A47876ABD81 /* PBXContainerItemProxy */;
		};
		5CB4AA7293114CE5877526C9 /* PBXTargetDependency */ = {
			isa = PBXTargetDependency;
			target = ADB17A54B37A4B209B3383D4 /* ZERO_CHECK */;
			targetProxy = DC9DBAD7CFDF4D26BD4DCA93 /* PBXContainerItemProxy */;
		};
		BFAD407E780E4476AB975286 /* PBXTargetDependency */ = {
			isa = PBXTargetDependency;
			target = ADB17A54B37A4B209B3383D4 /* ZERO_CHECK */;
			targetProxy = 15FA427C26CC46A1A6B785ED /* PBXContainerItemProxy */;
		};
/* End PBXTargetDependency section */

/* Begin XCBuildConfiguration section */
		333816993EDE4FF784C7A725 /* Release */ = {
			isa = XCBuildConfiguration;
			buildSettings = {
				COMBINE_HIDPI_IMAGES = YES;
				GCC_GENERATE_DEBUGGING_SYMBOLS = YES;
				GCC_INLINES_ARE_PRIVATE_EXTERN = NO;
				GCC_OPTIMIZATION_LEVEL = 0;
				GCC_PREPROCESSOR_DEFINITIONS = "'CMAKE_INTDIR=\"$(CONFIGURATION)$(EFFECTIVE_PLATFORM_NAME)\"'";
				GCC_SYMBOLS_PRIVATE_EXTERN = NO;
				HEADER_SEARCH_PATHS = (
					/usr/local/include,
					"/Users/andydun2004/Documents/Files/OnlineClasses/SelfDrivingEngr/Control/CarND-MPC-Project/src/Eigen-3.3",
					/usr/local/opt/openssl/include,
				);
				INSTALL_PATH = "";
				OTHER_LDFLAGS = " ";
				OTHER_REZFLAGS = "";
				PRODUCT_NAME = ALL_BUILD;
				SECTORDER_FLAGS = "";
				SYMROOT = "/Users/andydun2004/Documents/Files/OnlineClasses/SelfDrivingEngr/Control/CarND-MPC-Project/xcode";
				USE_HEADERMAP = NO;
				WARNING_CFLAGS = (
					"-Wmost",
					"-Wno-four-char-constants",
					"-Wno-unknown-pragmas",
					"$(inherited)",
				);
			};
			name = Release;
		};
		536A815F20B4465D97FCDBAA /* RelWithDebInfo */ = {
			isa = XCBuildConfiguration;
			buildSettings = {
				COMBINE_HIDPI_IMAGES = YES;
				GCC_GENERATE_DEBUGGING_SYMBOLS = YES;
				GCC_INLINES_ARE_PRIVATE_EXTERN = NO;
				GCC_OPTIMIZATION_LEVEL = 0;
				GCC_PREPROCESSOR_DEFINITIONS = "'CMAKE_INTDIR=\"$(CONFIGURATION)$(EFFECTIVE_PLATFORM_NAME)\"'";
				GCC_SYMBOLS_PRIVATE_EXTERN = NO;
				HEADER_SEARCH_PATHS = (
					/usr/local/include,
					"/Users/andydun2004/Documents/Files/OnlineClasses/SelfDrivingEngr/Control/CarND-MPC-Project/src/Eigen-3.3",
					/usr/local/opt/openssl/include,
				);
				INSTALL_PATH = "";
				OTHER_LDFLAGS = " ";
				OTHER_REZFLAGS = "";
				PRODUCT_NAME = ZERO_CHECK;
				SECTORDER_FLAGS = "";
				SYMROOT = "/Users/andydun2004/Documents/Files/OnlineClasses/SelfDrivingEngr/Control/CarND-MPC-Project/xcode";
				USE_HEADERMAP = NO;
				WARNING_CFLAGS = (
					"-Wmost",
					"-Wno-four-char-constants",
					"-Wno-unknown-pragmas",
					"$(inherited)",
				);
			};
			name = RelWithDebInfo;
		};
		6757D86CB20F438FB0EA6440 /* Release */ = {
			isa = XCBuildConfiguration;
			buildSettings = {
				COMBINE_HIDPI_IMAGES = YES;
				EXECUTABLE_PREFIX = "";
				EXECUTABLE_SUFFIX = "";
				GCC_GENERATE_DEBUGGING_SYMBOLS = NO;
				GCC_INLINES_ARE_PRIVATE_EXTERN = NO;
				GCC_OPTIMIZATION_LEVEL = 3;
				GCC_PREPROCESSOR_DEFINITIONS = "'CMAKE_INTDIR=\"$(CONFIGURATION)$(EFFECTIVE_PLATFORM_NAME)\"'";
				GCC_SYMBOLS_PRIVATE_EXTERN = NO;
				HEADER_SEARCH_PATHS = (
					/usr/local/include,
					"/Users/andydun2004/Documents/Files/OnlineClasses/SelfDrivingEngr/Control/CarND-MPC-Project/src/Eigen-3.3",
					/usr/local/opt/openssl/include,
				);
				INSTALL_PATH = "";
				LD_RUNPATH_SEARCH_PATHS = "/usr/local/lib /usr/local/opt/openssl/lib /usr/local/Cellar/libuv/1.11.0/lib";
				LIBRARY_SEARCH_PATHS = (
					"/usr/local/lib/$(CONFIGURATION)$(EFFECTIVE_PLATFORM_NAME)",
					/usr/local/lib,
					"/usr/local/opt/openssl/lib/$(CONFIGURATION)$(EFFECTIVE_PLATFORM_NAME)",
					/usr/local/opt/openssl/lib,
					"/usr/local/Cellar/libuv/1.11.0/lib/$(CONFIGURATION)$(EFFECTIVE_PLATFORM_NAME)",
					/usr/local/Cellar/libuv/1.11.0/lib,
				);
				OTHER_CPLUSPLUSFLAGS = (
					"-Wall",
					"-DNDEBUG",
					"-std=c++11",
					"-O3",
				);
				OTHER_LDFLAGS = (
					"-Wl,-search_paths_first",
					"-Wl,-headerpad_max_install_names",
					"-lipopt",
					"-lz",
					"-lssl",
					"-luv",
					"-luWS",
				);
				OTHER_REZFLAGS = "";
				PRODUCT_NAME = mpc;
				SECTORDER_FLAGS = "";
				SYMROOT = "/Users/andydun2004/Documents/Files/OnlineClasses/SelfDrivingEngr/Control/CarND-MPC-Project/xcode";
				USE_HEADERMAP = NO;
				WARNING_CFLAGS = (
					"-Wmost",
					"-Wno-four-char-constants",
					"-Wno-unknown-pragmas",
					"$(inherited)",
				);
			};
			name = Release;
		};
		6D81AB953D7A45BDBEB530D7 /* RelWithDebInfo */ = {
			isa = XCBuildConfiguration;
			buildSettings = {
				COMBINE_HIDPI_IMAGES = YES;
				EXECUTABLE_PREFIX = "";
				EXECUTABLE_SUFFIX = "";
				GCC_GENERATE_DEBUGGING_SYMBOLS = YES;
				GCC_INLINES_ARE_PRIVATE_EXTERN = NO;
				GCC_OPTIMIZATION_LEVEL = 2;
				GCC_PREPROCESSOR_DEFINITIONS = "'CMAKE_INTDIR=\"$(CONFIGURATION)$(EFFECTIVE_PLATFORM_NAME)\"'";
				GCC_SYMBOLS_PRIVATE_EXTERN = NO;
				HEADER_SEARCH_PATHS = (
					/usr/local/include,
					"/Users/andydun2004/Documents/Files/OnlineClasses/SelfDrivingEngr/Control/CarND-MPC-Project/src/Eigen-3.3",
					/usr/local/opt/openssl/include,
				);
				INSTALL_PATH = "";
				LD_RUNPATH_SEARCH_PATHS = "/usr/local/lib /usr/local/opt/openssl/lib /usr/local/Cellar/libuv/1.11.0/lib";
				LIBRARY_SEARCH_PATHS = (
					"/usr/local/lib/$(CONFIGURATION)$(EFFECTIVE_PLATFORM_NAME)",
					/usr/local/lib,
					"/usr/local/opt/openssl/lib/$(CONFIGURATION)$(EFFECTIVE_PLATFORM_NAME)",
					/usr/local/opt/openssl/lib,
					"/usr/local/Cellar/libuv/1.11.0/lib/$(CONFIGURATION)$(EFFECTIVE_PLATFORM_NAME)",
					/usr/local/Cellar/libuv/1.11.0/lib,
				);
				OTHER_CPLUSPLUSFLAGS = (
					"-Wall",
					"-DNDEBUG",
					"-std=c++11",
					"-O3",
				);
				OTHER_LDFLAGS = (
					"-Wl,-search_paths_first",
					"-Wl,-headerpad_max_install_names",
					"-lipopt",
					"-lz",
					"-lssl",
					"-luv",
					"-luWS",
				);
				OTHER_REZFLAGS = "";
				PRODUCT_NAME = mpc;
				SECTORDER_FLAGS = "";
				SYMROOT = "/Users/andydun2004/Documents/Files/OnlineClasses/SelfDrivingEngr/Control/CarND-MPC-Project/xcode";
				USE_HEADERMAP = NO;
				WARNING_CFLAGS = (
					"-Wmost",
					"-Wno-four-char-constants",
					"-Wno-unknown-pragmas",
					"$(inherited)",
				);
			};
			name = RelWithDebInfo;
		};
		744686D121BD460BB6F8F582 /* MinSizeRel */ = {
			isa = XCBuildConfiguration;
			buildSettings = {
				COMBINE_HIDPI_IMAGES = YES;
				EXECUTABLE_PREFIX = "";
				EXECUTABLE_SUFFIX = "";
				GCC_GENERATE_DEBUGGING_SYMBOLS = NO;
				GCC_INLINES_ARE_PRIVATE_EXTERN = NO;
				GCC_OPTIMIZATION_LEVEL = s;
				GCC_PREPROCESSOR_DEFINITIONS = "'CMAKE_INTDIR=\"$(CONFIGURATION)$(EFFECTIVE_PLATFORM_NAME)\"'";
				GCC_SYMBOLS_PRIVATE_EXTERN = NO;
				HEADER_SEARCH_PATHS = (
					/usr/local/include,
					"/Users/andydun2004/Documents/Files/OnlineClasses/SelfDrivingEngr/Control/CarND-MPC-Project/src/Eigen-3.3",
					/usr/local/opt/openssl/include,
				);
				INSTALL_PATH = "";
				LD_RUNPATH_SEARCH_PATHS = "/usr/local/lib /usr/local/opt/openssl/lib /usr/local/Cellar/libuv/1.11.0/lib";
				LIBRARY_SEARCH_PATHS = (
					"/usr/local/lib/$(CONFIGURATION)$(EFFECTIVE_PLATFORM_NAME)",
					/usr/local/lib,
					"/usr/local/opt/openssl/lib/$(CONFIGURATION)$(EFFECTIVE_PLATFORM_NAME)",
					/usr/local/opt/openssl/lib,
					"/usr/local/Cellar/libuv/1.11.0/lib/$(CONFIGURATION)$(EFFECTIVE_PLATFORM_NAME)",
					/usr/local/Cellar/libuv/1.11.0/lib,
				);
				OTHER_CPLUSPLUSFLAGS = (
					"-Wall",
					"-DNDEBUG",
					"-std=c++11",
					"-O3",
				);
				OTHER_LDFLAGS = (
					"-Wl,-search_paths_first",
					"-Wl,-headerpad_max_install_names",
					"-lipopt",
					"-lz",
					"-lssl",
					"-luv",
					"-luWS",
				);
				OTHER_REZFLAGS = "";
				PRODUCT_NAME = mpc;
				SECTORDER_FLAGS = "";
				SYMROOT = "/Users/andydun2004/Documents/Files/OnlineClasses/SelfDrivingEngr/Control/CarND-MPC-Project/xcode";
				USE_HEADERMAP = NO;
				WARNING_CFLAGS = (
					"-Wmost",
					"-Wno-four-char-constants",
					"-Wno-unknown-pragmas",
					"$(inherited)",
				);
			};
			name = MinSizeRel;
		};
		7DD747961F7A4D7A8E6AFA1C /* RelWithDebInfo */ = {
			isa = XCBuildConfiguration;
			buildSettings = {
				MACOSX_DEPLOYMENT_TARGET = 10.12;
				ONLY_ACTIVE_ARCH = YES;
				SDKROOT = /Applications/Xcode.app/Contents/Developer/Platforms/MacOSX.platform/Developer/SDKs/MacOSX10.13.sdk;
				SYMROOT = "/Users/andydun2004/Documents/Files/OnlineClasses/SelfDrivingEngr/Control/CarND-MPC-Project/xcode/build";
			};
			name = RelWithDebInfo;
		};
		85A0C9810475491EAD02713B /* Release */ = {
			isa = XCBuildConfiguration;
			buildSettings = {
				COMBINE_HIDPI_IMAGES = YES;
				GCC_GENERATE_DEBUGGING_SYMBOLS = YES;
				GCC_INLINES_ARE_PRIVATE_EXTERN = NO;
				GCC_OPTIMIZATION_LEVEL = 0;
				GCC_PREPROCESSOR_DEFINITIONS = "'CMAKE_INTDIR=\"$(CONFIGURATION)$(EFFECTIVE_PLATFORM_NAME)\"'";
				GCC_SYMBOLS_PRIVATE_EXTERN = NO;
				HEADER_SEARCH_PATHS = (
					/usr/local/include,
					"/Users/andydun2004/Documents/Files/OnlineClasses/SelfDrivingEngr/Control/CarND-MPC-Project/src/Eigen-3.3",
					/usr/local/opt/openssl/include,
				);
				INSTALL_PATH = "";
				OTHER_LDFLAGS = " ";
				OTHER_REZFLAGS = "";
				PRODUCT_NAME = ZERO_CHECK;
				SECTORDER_FLAGS = "";
				SYMROOT = "/Users/andydun2004/Documents/Files/OnlineClasses/SelfDrivingEngr/Control/CarND-MPC-Project/xcode";
				USE_HEADERMAP = NO;
				WARNING_CFLAGS = (
					"-Wmost",
					"-Wno-four-char-constants",
					"-Wno-unknown-pragmas",
					"$(inherited)",
				);
			};
			name = Release;
		};
		9AA36CBCC3E84255A96B1EDC /* Release */ = {
			isa = XCBuildConfiguration;
			buildSettings = {
				MACOSX_DEPLOYMENT_TARGET = 10.12;
				ONLY_ACTIVE_ARCH = YES;
				SDKROOT = /Applications/Xcode.app/Contents/Developer/Platforms/MacOSX.platform/Developer/SDKs/MacOSX10.13.sdk;
				SYMROOT = "/Users/andydun2004/Documents/Files/OnlineClasses/SelfDrivingEngr/Control/CarND-MPC-Project/xcode/build";
			};
			name = Release;
		};
		AB34A7D73CA44E4EAFD0DEC6 /* MinSizeRel */ = {
			isa = XCBuildConfiguration;
			buildSettings = {
				MACOSX_DEPLOYMENT_TARGET = 10.12;
				ONLY_ACTIVE_ARCH = YES;
				SDKROOT = /Applications/Xcode.app/Contents/Developer/Platforms/MacOSX.platform/Developer/SDKs/MacOSX10.13.sdk;
				SYMROOT = "/Users/andydun2004/Documents/Files/OnlineClasses/SelfDrivingEngr/Control/CarND-MPC-Project/xcode/build";
			};
			name = MinSizeRel;
		};
		AC609CCF9FD0489692C7E914 /* Debug */ = {
			isa = XCBuildConfiguration;
			buildSettings = {
				COMBINE_HIDPI_IMAGES = YES;
				GCC_GENERATE_DEBUGGING_SYMBOLS = YES;
				GCC_INLINES_ARE_PRIVATE_EXTERN = NO;
				GCC_OPTIMIZATION_LEVEL = 0;
				GCC_PREPROCESSOR_DEFINITIONS = "'CMAKE_INTDIR=\"$(CONFIGURATION)$(EFFECTIVE_PLATFORM_NAME)\"'";
				GCC_SYMBOLS_PRIVATE_EXTERN = NO;
				HEADER_SEARCH_PATHS = (
					/usr/local/include,
					"/Users/andydun2004/Documents/Files/OnlineClasses/SelfDrivingEngr/Control/CarND-MPC-Project/src/Eigen-3.3",
					/usr/local/opt/openssl/include,
				);
				INSTALL_PATH = "";
				OTHER_LDFLAGS = " ";
				OTHER_REZFLAGS = "";
				PRODUCT_NAME = ZERO_CHECK;
				SECTORDER_FLAGS = "";
				SYMROOT = "/Users/andydun2004/Documents/Files/OnlineClasses/SelfDrivingEngr/Control/CarND-MPC-Project/xcode";
				USE_HEADERMAP = NO;
				WARNING_CFLAGS = (
					"-Wmost",
					"-Wno-four-char-constants",
					"-Wno-unknown-pragmas",
					"$(inherited)",
				);
			};
			name = Debug;
		};
		AD3EF9B91FBF43AD975FF317 /* RelWithDebInfo */ = {
			isa = XCBuildConfiguration;
			buildSettings = {
				COMBINE_HIDPI_IMAGES = YES;
				GCC_GENERATE_DEBUGGING_SYMBOLS = YES;
				GCC_INLINES_ARE_PRIVATE_EXTERN = NO;
				GCC_OPTIMIZATION_LEVEL = 0;
				GCC_PREPROCESSOR_DEFINITIONS = "'CMAKE_INTDIR=\"$(CONFIGURATION)$(EFFECTIVE_PLATFORM_NAME)\"'";
				GCC_SYMBOLS_PRIVATE_EXTERN = NO;
				HEADER_SEARCH_PATHS = (
					/usr/local/include,
					"/Users/andydun2004/Documents/Files/OnlineClasses/SelfDrivingEngr/Control/CarND-MPC-Project/src/Eigen-3.3",
					/usr/local/opt/openssl/include,
				);
				INSTALL_PATH = "";
				OTHER_LDFLAGS = " ";
				OTHER_REZFLAGS = "";
				PRODUCT_NAME = ALL_BUILD;
				SECTORDER_FLAGS = "";
				SYMROOT = "/Users/andydun2004/Documents/Files/OnlineClasses/SelfDrivingEngr/Control/CarND-MPC-Project/xcode";
				USE_HEADERMAP = NO;
				WARNING_CFLAGS = (
					"-Wmost",
					"-Wno-four-char-constants",
					"-Wno-unknown-pragmas",
					"$(inherited)",
				);
			};
			name = RelWithDebInfo;
		};
		AE5E6F1F9F9E49EBB9C87202 /* Debug */ = {
			isa = XCBuildConfiguration;
			buildSettings = {
				MACOSX_DEPLOYMENT_TARGET = 10.12;
				ONLY_ACTIVE_ARCH = YES;
				SDKROOT = /Applications/Xcode.app/Contents/Developer/Platforms/MacOSX.platform/Developer/SDKs/MacOSX10.13.sdk;
				SYMROOT = "/Users/andydun2004/Documents/Files/OnlineClasses/SelfDrivingEngr/Control/CarND-MPC-Project/xcode/build";
			};
			name = Debug;
		};
		AEF53981F6844B54BE31D850 /* MinSizeRel */ = {
			isa = XCBuildConfiguration;
			buildSettings = {
				COMBINE_HIDPI_IMAGES = YES;
				GCC_GENERATE_DEBUGGING_SYMBOLS = YES;
				GCC_INLINES_ARE_PRIVATE_EXTERN = NO;
				GCC_OPTIMIZATION_LEVEL = 0;
				GCC_PREPROCESSOR_DEFINITIONS = "'CMAKE_INTDIR=\"$(CONFIGURATION)$(EFFECTIVE_PLATFORM_NAME)\"'";
				GCC_SYMBOLS_PRIVATE_EXTERN = NO;
				HEADER_SEARCH_PATHS = (
					/usr/local/include,
					"/Users/andydun2004/Documents/Files/OnlineClasses/SelfDrivingEngr/Control/CarND-MPC-Project/src/Eigen-3.3",
					/usr/local/opt/openssl/include,
				);
				INSTALL_PATH = "";
				OTHER_LDFLAGS = " ";
				OTHER_REZFLAGS = "";
				PRODUCT_NAME = ZERO_CHECK;
				SECTORDER_FLAGS = "";
				SYMROOT = "/Users/andydun2004/Documents/Files/OnlineClasses/SelfDrivingEngr/Control/CarND-MPC-Project/xcode";
				USE_HEADERMAP = NO;
				WARNING_CFLAGS = (
					"-Wmost",
					"-Wno-four-char-constants",
					"-Wno-unknown-pragmas",
					"$(inherited)",
				);
			};
			name = MinSizeRel;
		};
		BE8F713E566947AE92286E71 /* MinSizeRel */ = {
			isa = XCBuildConfiguration;
			buildSettings = {
				COMBINE_HIDPI_IMAGES = YES;
				GCC_GENERATE_DEBUGGING_SYMBOLS = YES;
				GCC_INLINES_ARE_PRIVATE_EXTERN = NO;
				GCC_OPTIMIZATION_LEVEL = 0;
				GCC_PREPROCESSOR_DEFINITIONS = "'CMAKE_INTDIR=\"$(CONFIGURATION)$(EFFECTIVE_PLATFORM_NAME)\"'";
				GCC_SYMBOLS_PRIVATE_EXTERN = NO;
				HEADER_SEARCH_PATHS = (
					/usr/local/include,
					"/Users/andydun2004/Documents/Files/OnlineClasses/SelfDrivingEngr/Control/CarND-MPC-Project/src/Eigen-3.3",
					/usr/local/opt/openssl/include,
				);
				INSTALL_PATH = "";
				OTHER_LDFLAGS = " ";
				OTHER_REZFLAGS = "";
				PRODUCT_NAME = ALL_BUILD;
				SECTORDER_FLAGS = "";
				SYMROOT = "/Users/andydun2004/Documents/Files/OnlineClasses/SelfDrivingEngr/Control/CarND-MPC-Project/xcode";
				USE_HEADERMAP = NO;
				WARNING_CFLAGS = (
					"-Wmost",
					"-Wno-four-char-constants",
					"-Wno-unknown-pragmas",
					"$(inherited)",
				);
			};
			name = MinSizeRel;
		};
		D1C8A1ECDB3547BF961DBC6C /* Debug */ = {
			isa = XCBuildConfiguration;
			buildSettings = {
				COMBINE_HIDPI_IMAGES = YES;
				GCC_GENERATE_DEBUGGING_SYMBOLS = YES;
				GCC_INLINES_ARE_PRIVATE_EXTERN = NO;
				GCC_OPTIMIZATION_LEVEL = 0;
				GCC_PREPROCESSOR_DEFINITIONS = "'CMAKE_INTDIR=\"$(CONFIGURATION)$(EFFECTIVE_PLATFORM_NAME)\"'";
				GCC_SYMBOLS_PRIVATE_EXTERN = NO;
				HEADER_SEARCH_PATHS = (
					/usr/local/include,
					"/Users/andydun2004/Documents/Files/OnlineClasses/SelfDrivingEngr/Control/CarND-MPC-Project/src/Eigen-3.3",
					/usr/local/opt/openssl/include,
				);
				INSTALL_PATH = "";
				OTHER_LDFLAGS = " ";
				OTHER_REZFLAGS = "";
				PRODUCT_NAME = ALL_BUILD;
				SECTORDER_FLAGS = "";
				SYMROOT = "/Users/andydun2004/Documents/Files/OnlineClasses/SelfDrivingEngr/Control/CarND-MPC-Project/xcode";
				USE_HEADERMAP = NO;
				WARNING_CFLAGS = (
					"-Wmost",
					"-Wno-four-char-constants",
					"-Wno-unknown-pragmas",
					"$(inherited)",
				);
			};
			name = Debug;
		};
		DAEFD4F4DF584387A624EAC1 /* Debug */ = {
			isa = XCBuildConfiguration;
			buildSettings = {
				COMBINE_HIDPI_IMAGES = YES;
				EXECUTABLE_PREFIX = "";
				EXECUTABLE_SUFFIX = "";
				GCC_GENERATE_DEBUGGING_SYMBOLS = YES;
				GCC_INLINES_ARE_PRIVATE_EXTERN = NO;
				GCC_OPTIMIZATION_LEVEL = 0;
				GCC_PREPROCESSOR_DEFINITIONS = "'CMAKE_INTDIR=\"$(CONFIGURATION)$(EFFECTIVE_PLATFORM_NAME)\"'";
				GCC_SYMBOLS_PRIVATE_EXTERN = NO;
				HEADER_SEARCH_PATHS = (
					/usr/local/include,
					"/Users/andydun2004/Documents/Files/OnlineClasses/SelfDrivingEngr/Control/CarND-MPC-Project/src/Eigen-3.3",
					/usr/local/opt/openssl/include,
				);
				INSTALL_PATH = "";
				LD_RUNPATH_SEARCH_PATHS = "/usr/local/lib /usr/local/opt/openssl/lib /usr/local/Cellar/libuv/1.11.0/lib";
				LIBRARY_SEARCH_PATHS = (
					"/usr/local/lib/$(CONFIGURATION)$(EFFECTIVE_PLATFORM_NAME)",
					/usr/local/lib,
					"/usr/local/opt/openssl/lib/$(CONFIGURATION)$(EFFECTIVE_PLATFORM_NAME)",
					/usr/local/opt/openssl/lib,
					"/usr/local/Cellar/libuv/1.11.0/lib/$(CONFIGURATION)$(EFFECTIVE_PLATFORM_NAME)",
					/usr/local/Cellar/libuv/1.11.0/lib,
				);
				OTHER_CPLUSPLUSFLAGS = (
					"-Wall",
					"-std=c++11",
					"-O3",
				);
				OTHER_LDFLAGS = (
					"-Wl,-search_paths_first",
					"-Wl,-headerpad_max_install_names",
					"-lipopt",
					"-lz",
					"-lssl",
					"-luv",
					"-luWS",
				);
				OTHER_REZFLAGS = "";
				PRODUCT_NAME = mpc;
				SECTORDER_FLAGS = "";
				SYMROOT = "/Users/andydun2004/Documents/Files/OnlineClasses/SelfDrivingEngr/Control/CarND-MPC-Project/xcode";
				USE_HEADERMAP = NO;
				WARNING_CFLAGS = (
					"-Wmost",
					"-Wno-four-char-constants",
					"-Wno-unknown-pragmas",
					"$(inherited)",
				);
			};
			name = Debug;
		};
/* End XCBuildConfiguration section */

/* Begin XCConfigurationList section */
		26A1AF31816844C49CC5AD6B /* Build configuration list for PBXAggregateTarget "ALL_BUILD" */ = {
			isa = XCConfigurationList;
			buildConfigurations = (
				D1C8A1ECDB3547BF961DBC6C /* Debug */,
				333816993EDE4FF784C7A725 /* Release */,
				BE8F713E566947AE92286E71 /* MinSizeRel */,
				AD3EF9B91FBF43AD975FF317 /* RelWithDebInfo */,
			);
			defaultConfigurationIsVisible = 0;
			defaultConfigurationName = Debug;
		};
		756D9A84BF8C448BB1F4A555 /* Build configuration list for PBXNativeTarget "mpc" */ = {
			isa = XCConfigurationList;
			buildConfigurations = (
				DAEFD4F4DF584387A624EAC1 /* Debug */,
				6757D86CB20F438FB0EA6440 /* Release */,
				744686D121BD460BB6F8F582 /* MinSizeRel */,
				6D81AB953D7A45BDBEB530D7 /* RelWithDebInfo */,
			);
			defaultConfigurationIsVisible = 0;
			defaultConfigurationName = Debug;
		};
		96D2E26B9C1D4D65B3097C72 /* Build configuration list for PBXProject "MPC" */ = {
			isa = XCConfigurationList;
			buildConfigurations = (
				AE5E6F1F9F9E49EBB9C87202 /* Debug */,
				9AA36CBCC3E84255A96B1EDC /* Release */,
				AB34A7D73CA44E4EAFD0DEC6 /* MinSizeRel */,
				7DD747961F7A4D7A8E6AFA1C /* RelWithDebInfo */,
			);
			defaultConfigurationIsVisible = 0;
			defaultConfigurationName = Debug;
		};
		99F7E29C44F4433FBB906D55 /* Build configuration list for PBXAggregateTarget "ZERO_CHECK" */ = {
			isa = XCConfigurationList;
			buildConfigurations = (
				AC609CCF9FD0489692C7E914 /* Debug */,
				85A0C9810475491EAD02713B /* Release */,
				AEF53981F6844B54BE31D850 /* MinSizeRel */,
				536A815F20B4465D97FCDBAA /* RelWithDebInfo */,
			);
			defaultConfigurationIsVisible = 0;
			defaultConfigurationName = Debug;
		};
/* End XCConfigurationList section */
	};
	rootObject = F8D2A59D24D84CB0B801C470 /* Project object */;
}
